
Microsoft Visual Studio Solution File, Format Version 12.00
# Visual Studio Version 17
VisualStudioVersion = 17.6.33815.320
MinimumVisualStudioVersion = 10.0.40219.1
Project("{FAE04EC0-301F-11D3-BF4B-00C04F79EFBC}") = "ClassExample", "ClassExample\ClassExample.csproj", "{8C3B900E-B299-43EA-B961-9370BB8F4917}"
EndProject
Project("{FAE04EC0-301F-11D3-BF4B-00C04F79EFBC}") = "MyDLL", "MyDLL\MyDLL.csproj", "{919AA07F-F561-442F-B6CA-152D822D9A9F}"
EndProject
Global
	GlobalSection(SolutionConfigurationPlatforms) = preSolution
		Debug|Any CPU = Debug|Any CPU
		Release|Any CPU = Release|Any CPU
	EndGlobalSection
	GlobalSection(ProjectConfigurationPlatforms) = postSolution
		{8C3B900E-B299-43EA-B961-9370BB8F4917}.Debug|Any CPU.ActiveCfg = Debug|Any CPU
		{8C3B900E-B299-43EA-B961-9370BB8F4917}.Debug|Any CPU.Build.0 = Debug|Any CPU
		{8C3B900E-B299-43EA-B961-9370BB8F4917}.Release|Any CPU.ActiveCfg = Release|Any CPU
		{8C3B900E-B299-43EA-B961-9370BB8F4917}.Release|Any CPU.Build.0 = Release|Any CPU
		{919AA07F-F561-442F-B6CA-152D822D9A9F}.Debug|Any CPU.ActiveCfg = Debug|Any CPU
		{919AA07F-F561-442F-B6CA-152D822D9A9F}.Debug|Any CPU.Build.0 = Debug|Any CPU
		{919AA07F-F561-442F-B6CA-152D822D9A9F}.Release|Any CPU.ActiveCfg = Release|Any CPU
		{919AA07F-F561-442F-B6CA-152D822D9A9F}.Release|Any CPU.Build.0 = Release|Any CPU
	EndGlobalSection
	GlobalSection(SolutionProperties) = preSolution
		HideSolutionNode = FALSE
	EndGlobalSection
	GlobalSection(ExtensibilityGlobals) = postSolution
		SolutionGuid = {1B515F59-0501-45BE-9344-38F050B96905}
	EndGlobalSection
EndGlobal
